# Generated by pub
# See https://dart.dev/tools/pub/glossary#lockfile
packages:
  _flutterfire_internals:
    dependency: transitive
    description:
      name: _flutterfire_internals
      sha256: a742f71d7f3484253a623b30e19256aa4668ecbb3de6ad1beb0bcf8d4777ecd8
      url: "https://pub.dev"
    source: hosted
    version: "1.3.3"
  async:
    dependency: transitive
    description:
      name: async
      sha256: "947bfcf187f74dbc5e146c9eb9c0f10c9f8b30743e341481c1e2ed3ecc18c20c"
      url: "https://pub.dev"
    source: hosted
    version: "2.11.0"
  boolean_selector:
    dependency: transitive
    description:
      name: boolean_selector
      sha256: "6cfb5af12253eaf2b368f07bacc5a80d1301a071c73360d746b7f2e32d762c66"
      url: "https://pub.dev"
    source: hosted
    version: "2.1.1"
  cached_network_image:
    dependency: "direct main"
    description:
      name: cached_network_image
      sha256: fd3d0dc1d451f9a252b32d95d3f0c3c487bc41a75eba2e6097cb0b9c71491b15
      url: "https://pub.dev"
    source: hosted
    version: "3.2.3"
  cached_network_image_platform_interface:
    dependency: transitive
    description:
      name: cached_network_image_platform_interface
      sha256: bb2b8403b4ccdc60ef5f25c70dead1f3d32d24b9d6117cfc087f496b178594a7
      url: "https://pub.dev"
    source: hosted
    version: "2.0.0"
  cached_network_image_web:
    dependency: transitive
    description:
      name: cached_network_image_web
      sha256: b8eb814ebfcb4dea049680f8c1ffb2df399e4d03bf7a352c775e26fa06e02fa0
      url: "https://pub.dev"
    source: hosted
    version: "1.0.2"
  carousel_slider:
    dependency: "direct main"
    description:
      name: carousel_slider
      sha256: "9c695cc963bf1d04a47bd6021f68befce8970bcd61d24938e1fb0918cf5d9c42"
      url: "https://pub.dev"
    source: hosted
    version: "4.2.1"
  characters:
    dependency: transitive
    description:
      name: characters
      sha256: "04a925763edad70e8443c99234dc3328f442e811f1d8fd1a72f1c8ad0f69a605"
      url: "https://pub.dev"
    source: hosted
    version: "1.3.0"
  clock:
    dependency: transitive
    description:
      name: clock
      sha256: cb6d7f03e1de671e34607e909a7213e31d7752be4fb66a86d29fe1eb14bfb5cf
      url: "https://pub.dev"
    source: hosted
    version: "1.1.1"
  cloud_firestore:
    dependency: "direct main"
    description:
      name: cloud_firestore
      sha256: "0ad93f01816ab7e59560bffeece2d19cec872fedfea04a7ad5be418cad25d574"
      url: "https://pub.dev"
    source: hosted
    version: "4.4.5"
  cloud_firestore_platform_interface:
    dependency: transitive
    description:
      name: cloud_firestore_platform_interface
      sha256: "6255cf3ad845d44c6c69a7db51139c8d90691e435dd175578f6365f10c023fcc"
      url: "https://pub.dev"
    source: hosted
    version: "5.11.5"
  cloud_firestore_web:
    dependency: transitive
    description:
      name: cloud_firestore_web
      sha256: "3bc08abdeb21a59e80491aee827895aaa3c6da602bad9ab68d83e1ab13c951b1"
      url: "https://pub.dev"
    source: hosted
    version: "3.3.5"
  collection:
    dependency: transitive
    description:
      name: collection
      sha256: "4a07be6cb69c84d677a6c3096fcf960cc3285a8330b4603e0d463d15d9bd934c"
      url: "https://pub.dev"
    source: hosted
    version: "1.17.1"
  country_state_city_picker:
    dependency: "direct main"
    description:
      name: country_state_city_picker
      sha256: "509c282165df329ee5a29babb28e13dce3bc32166cea21b202a49c44d20cfef3"
      url: "https://pub.dev"
    source: hosted
    version: "1.2.8"
  cross_file:
    dependency: transitive
    description:
      name: cross_file
      sha256: "0b0036e8cccbfbe0555fd83c1d31a6f30b77a96b598b35a5d36dd41f718695e9"
      url: "https://pub.dev"
    source: hosted
    version: "0.3.3+4"
  crypto:
    dependency: transitive
    description:
      name: crypto
      sha256: aa274aa7774f8964e4f4f38cc994db7b6158dd36e9187aaceaddc994b35c6c67
      url: "https://pub.dev"
    source: hosted
    version: "3.0.2"
  cupertino_icons:
    dependency: "direct main"
    description:
      name: cupertino_icons
      sha256: e35129dc44c9118cee2a5603506d823bab99c68393879edb440e0090d07586be
      url: "https://pub.dev"
    source: hosted
    version: "1.0.5"
  desktop_webview_auth:
    dependency: transitive
    description:
      name: desktop_webview_auth
      sha256: "9de17601e1521b7cc2de1c5538e92f64833da668cba101bf11b2f61ce652becc"
      url: "https://pub.dev"
    source: hosted
    version: "0.0.11"
  email_validator:
    dependency: transitive
    description:
      name: email_validator
      sha256: e9a90f27ab2b915a27d7f9c2a7ddda5dd752d6942616ee83529b686fc086221b
      url: "https://pub.dev"
    source: hosted
    version: "2.1.17"
  fake_async:
    dependency: transitive
    description:
      name: fake_async
      sha256: "511392330127add0b769b75a987850d136345d9227c6b94c96a04cf4a391bf78"
      url: "https://pub.dev"
    source: hosted
    version: "1.3.1"
  ffi:
    dependency: transitive
    description:
      name: ffi
      sha256: a38574032c5f1dd06c4aee541789906c12ccaab8ba01446e800d9c5b79c4a978
      url: "https://pub.dev"
    source: hosted
    version: "2.0.1"
  file:
    dependency: transitive
    description:
      name: file
      sha256: "1b92bec4fc2a72f59a8e15af5f52cd441e4a7860b49499d69dfa817af20e925d"
      url: "https://pub.dev"
    source: hosted
    version: "6.1.4"
  firebase_auth:
    dependency: "direct main"
    description:
      name: firebase_auth
      sha256: e5254a39daab8c5bc76b17f5a161c11a7a97a3718cd314f460e2b4366c850c7d
      url: "https://pub.dev"
    source: hosted
    version: "4.4.1"
  firebase_auth_platform_interface:
    dependency: transitive
    description:
      name: firebase_auth_platform_interface
      sha256: "689ae048b78ad088ba31acdec45f5badb56201e749ed8b534947a7303ddb32aa"
      url: "https://pub.dev"
    source: hosted
    version: "6.15.3"
  firebase_auth_web:
    dependency: transitive
    description:
      name: firebase_auth_web
      sha256: f35d637a1707afd51f30090bb5234b381d5071ccbfef09b8c393bc7c65e440cd
      url: "https://pub.dev"
    source: hosted
    version: "5.5.3"
  firebase_core:
    dependency: "direct main"
    description:
      name: firebase_core
      sha256: a4a99204da264a0aa9d54a332ea0315ce7b0768075139c77abefe98093dd98be
      url: "https://pub.dev"
    source: hosted
    version: "2.14.0"
  firebase_core_platform_interface:
    dependency: transitive
    description:
      name: firebase_core_platform_interface
      sha256: b63e3be6c96ef5c33bdec1aab23c91eb00696f6452f0519401d640938c94cba2
      url: "https://pub.dev"
    source: hosted
    version: "4.8.0"
  firebase_core_web:
    dependency: transitive
    description:
      name: firebase_core_web
      sha256: "0fd5c4b228de29b55fac38aed0d9e42514b3d3bd47675de52bf7f8fccaf922fa"
      url: "https://pub.dev"
    source: hosted
    version: "2.6.0"
  firebase_database:
    dependency: transitive
    description:
      name: firebase_database
      sha256: b42f08b1e58dc022c83b8f4e0f7dcaf689b8ed7058255a059fbe07f22563be6e
      url: "https://pub.dev"
    source: hosted
    version: "10.0.16"
  firebase_database_platform_interface:
    dependency: transitive
    description:
      name: firebase_database_platform_interface
      sha256: d9b78598713f29f2b0d3c119ba10ca89e2a201a8de5973d6376a395787f23017
      url: "https://pub.dev"
    source: hosted
    version: "0.2.2+23"
  firebase_database_web:
    dependency: transitive
    description:
      name: firebase_database_web
      sha256: c7d53bdb7feeb846390d2e09931b8146dcefbc2588793ee143f48652fc17e51e
      url: "https://pub.dev"
    source: hosted
    version: "0.2.1+25"
  firebase_dynamic_links:
    dependency: transitive
    description:
      name: firebase_dynamic_links
      sha256: "07534e65f1417e2a59f64fa1f551d8f33b3cfe959fc24fd3833e8a810b9239c6"
      url: "https://pub.dev"
    source: hosted
    version: "5.1.0"
  firebase_dynamic_links_platform_interface:
    dependency: transitive
    description:
      name: firebase_dynamic_links_platform_interface
      sha256: "8f9e655dbaba284b656549a8aa8eb4cade7354f37ef56aa415ec9ec65cef3118"
      url: "https://pub.dev"
    source: hosted
    version: "0.2.4"
  firebase_storage:
    dependency: "direct main"
    description:
      name: firebase_storage
      sha256: "0a49413725587aa3ceaaa6233fdb2e32687e4972f13cd7277526219cd5acb398"
      url: "https://pub.dev"
    source: hosted
    version: "11.0.16"
  firebase_storage_platform_interface:
    dependency: transitive
    description:
      name: firebase_storage_platform_interface
      sha256: "951871b91ffdc49ead69daa03e58606f29b9b541056258ef805bbb7128f54afc"
      url: "https://pub.dev"
    source: hosted
    version: "4.1.32"
  firebase_storage_web:
    dependency: transitive
    description:
      name: firebase_storage_web
      sha256: d77573712c9fa5e05c7f1e23c77db0757b0b0718136a550d4d9823c92eeca8c8
      url: "https://pub.dev"
    source: hosted
    version: "3.3.25"
  firebase_ui_auth:
    dependency: "direct main"
    description:
      name: firebase_ui_auth
      sha256: "826005fdd63d2ed2b5b933b7adcd07b438435f4f09c3d1847ad8a49795acf6ef"
      url: "https://pub.dev"
    source: hosted
    version: "1.2.1"
  firebase_ui_localizations:
    dependency: transitive
    description:
      name: firebase_ui_localizations
      sha256: b13be7432af3eed2ff6f2ed1c55a9afc32ffa7376fcada9e16be055fad6415ed
      url: "https://pub.dev"
    source: hosted
    version: "1.5.0"
  firebase_ui_oauth:
    dependency: transitive
    description:
      name: firebase_ui_oauth
      sha256: "6805ecaad61caad8d13dede352e6a918470a7ed8bb8756f3e1c499980c2fc072"
      url: "https://pub.dev"
    source: hosted
    version: "1.2.1"
  firebase_ui_shared:
    dependency: transitive
    description:
      name: firebase_ui_shared
      sha256: "4bb93419733161f882227a05d34dc66ad8bd98b1e248976c37cc94a9840d7aea"
      url: "https://pub.dev"
    source: hosted
    version: "1.1.0"
  flutter:
    dependency: "direct main"
    description: flutter
    source: sdk
    version: "0.0.0"
  flutter_blurhash:
    dependency: transitive
    description:
      name: flutter_blurhash
      sha256: "05001537bd3fac7644fa6558b09ec8c0a3f2eba78c0765f88912882b1331a5c6"
      url: "https://pub.dev"
    source: hosted
    version: "0.7.0"
  flutter_cache_manager:
    dependency: transitive
    description:
      name: flutter_cache_manager
      sha256: "32cd900555219333326a2d0653aaaf8671264c29befa65bbd9856d204a4c9fb3"
      url: "https://pub.dev"
    source: hosted
    version: "3.3.0"
  flutter_easyloading:
    dependency: "direct main"
    description:
      name: flutter_easyloading
      sha256: ba21a3c883544e582f9cc455a4a0907556714e1e9cf0eababfcb600da191d17c
      url: "https://pub.dev"
    source: hosted
    version: "3.0.5"
  flutter_facebook_auth:
    dependency: transitive
    description:
      name: flutter_facebook_auth
      sha256: "50dc3eef562acbe1e4cfad478053c9c16f9eaac49ad14ec48f00ed9dae1ba0cd"
      url: "https://pub.dev"
    source: hosted
    version: "4.4.1+1"
  flutter_facebook_auth_platform_interface:
    dependency: transitive
    description:
      name: flutter_facebook_auth_platform_interface
      sha256: "7950f5f8a6f2270c5d29af2a514733987db1191f70838fa777b282e47365f8c8"
      url: "https://pub.dev"
    source: hosted
    version: "3.2.0"
  flutter_facebook_auth_web:
    dependency: transitive
    description:
      name: flutter_facebook_auth_web
      sha256: "0f732e968c929a3c11a215ded802557576230ff0a0794c88941a8e92ff07b2eb"
      url: "https://pub.dev"
    source: hosted
    version: "3.2.0"
  flutter_lints:
    dependency: "direct dev"
    description:
      name: flutter_lints
      sha256: aeb0b80a8b3709709c9cc496cdc027c5b3216796bc0af0ce1007eaf24464fd4c
      url: "https://pub.dev"
    source: hosted
    version: "2.0.1"
  flutter_localizations:
    dependency: transitive
    description: flutter
    source: sdk
    version: "0.0.0"
  flutter_plugin_android_lifecycle:
    dependency: transitive
    description:
      name: flutter_plugin_android_lifecycle
      sha256: c224ac897bed083dabf11f238dd11a239809b446740be0c2044608c50029ffdf
      url: "https://pub.dev"
    source: hosted
    version: "2.0.9"
  flutter_slidable:
    dependency: "direct main"
    description:
      name: flutter_slidable
      sha256: "6c68e1fad129b4b807b2218ef4cf7f7f6f61c5ec8861c990dc2278d9d03cb09f"
      url: "https://pub.dev"
    source: hosted
    version: "2.0.0"
  flutter_spinkit:
    dependency: transitive
    description:
      name: flutter_spinkit
      sha256: "77a2117c0517ff909221f3160b8eb20052ab5216107581168af574ac1f05dff8"
      url: "https://pub.dev"
    source: hosted
    version: "5.1.0"
  flutter_svg:
    dependency: "direct main"
    description:
      name: flutter_svg
      sha256: "6ff9fa12892ae074092de2fa6a9938fb21dbabfdaa2ff57dc697ff912fc8d4b2"
      url: "https://pub.dev"
    source: hosted
    version: "1.1.6"
  flutter_test:
    dependency: "direct dev"
    description: flutter
    source: sdk
    version: "0.0.0"
  flutter_web_plugins:
    dependency: transitive
    description: flutter
    source: sdk
    version: "0.0.0"
  flutterfire_ui:
    dependency: "direct main"
    description:
      name: flutterfire_ui
      sha256: "631ac0a39b3e24564aba7d2604a756aa884959f47ddf4f952b592f4b1c981c05"
      url: "https://pub.dev"
    source: hosted
    version: "0.4.3+20"
  get:
    dependency: "direct main"
    description:
      name: get
      sha256: "2ba20a47c8f1f233bed775ba2dd0d3ac97b4cf32fc17731b3dfc672b06b0e92a"
      url: "https://pub.dev"
    source: hosted
    version: "4.6.5"
  google_maps_flutter:
    dependency: "direct main"
    description:
      name: google_maps_flutter
      sha256: abefcb1e5e5c96bdd8084939dda555257af272c7972902ca46d5631092c1df68
      url: "https://pub.dev"
    source: hosted
    version: "2.2.8"
  google_maps_flutter_android:
    dependency: transitive
    description:
      name: google_maps_flutter_android
      sha256: "9512c862df77c1f0fa5f445513dd3c57f5996f0a809dccb74e54b690ee4e3a0f"
      url: "https://pub.dev"
    source: hosted
    version: "2.4.15"
  google_maps_flutter_ios:
    dependency: transitive
    description:
      name: google_maps_flutter_ios
      sha256: a9462a433bf3ebe60aadcf4906d2d6341a270d69d3e0fcaa8eb2b64699fcfb4f
      url: "https://pub.dev"
    source: hosted
    version: "2.2.3"
  google_maps_flutter_platform_interface:
    dependency: transitive
    description:
      name: google_maps_flutter_platform_interface
      sha256: "308f0af138fa78e8224d598d46ca182673874d0ef4d754b7157c073b5b4b8e0d"
      url: "https://pub.dev"
    source: hosted
    version: "2.2.7"
  google_sign_in:
    dependency: transitive
    description:
      name: google_sign_in
      sha256: "821f354c053d51a2d417b02d42532a19a6ea8057d2f9ebb8863c07d81c98aaf9"
      url: "https://pub.dev"
    source: hosted
    version: "5.4.4"
  google_sign_in_android:
    dependency: transitive
    description:
      name: google_sign_in_android
      sha256: "6a740e8498920ecf5fc2849ae0e4412536d700230bc3169493a1d031fdfe1cca"
      url: "https://pub.dev"
    source: hosted
    version: "6.1.8"
  google_sign_in_ios:
    dependency: transitive
    description:
      name: google_sign_in_ios
      sha256: "2e1df687b17f7fddcaf9a0c7f994d0d19b5d41e8ce1d943013befd0a0ae67403"
      url: "https://pub.dev"
    source: hosted
    version: "5.6.1"
  google_sign_in_platform_interface:
    dependency: transitive
    description:
      name: google_sign_in_platform_interface
      sha256: fece762f0d2dd762ebde43ad70662a209ff6ee034111976549c392f7763d9264
      url: "https://pub.dev"
    source: hosted
    version: "2.3.1"
  google_sign_in_web:
    dependency: transitive
    description:
      name: google_sign_in_web
      sha256: "75cc41ebc53b1756320ee14d9c3018ad3e6cea298147dbcd86e9d0c8d6720b40"
      url: "https://pub.dev"
    source: hosted
    version: "0.10.2+1"
  http:
    dependency: transitive
    description:
      name: http
      sha256: "6aa2946395183537c8b880962d935877325d6a09a2867c3970c05c0fed6ac482"
      url: "https://pub.dev"
    source: hosted
    version: "0.13.5"
  http_parser:
    dependency: transitive
    description:
      name: http_parser
      sha256: "2aa08ce0341cc9b354a498388e30986515406668dbcc4f7c950c3e715496693b"
      url: "https://pub.dev"
    source: hosted
    version: "4.0.2"
  image_picker:
    dependency: "direct main"
    description:
      name: image_picker
      sha256: "64b21d9f0e065f9ab0e4dde458076226c97382cc0c6949144cb874c62bf8e9f8"
      url: "https://pub.dev"
    source: hosted
    version: "0.8.7"
  image_picker_android:
    dependency: transitive
    description:
      name: image_picker_android
      sha256: dfb5b0f28b8786fcc662b7ed42bfb4b82a6cbbd74da1958384b10d40bdf212a7
      url: "https://pub.dev"
    source: hosted
    version: "0.8.6+6"
  image_picker_for_web:
    dependency: transitive
    description:
      name: image_picker_for_web
      sha256: "98f50d6b9f294c8ba35e25cc0d13b04bfddd25dbc8d32fa9d566a6572f2c081c"
      url: "https://pub.dev"
    source: hosted
    version: "2.1.12"
  image_picker_ios:
    dependency: transitive
    description:
      name: image_picker_ios
      sha256: "50e882fe0a06bf0c8f7f5bce78d30975f279213293afc9471dc35f05617c50ff"
      url: "https://pub.dev"
    source: hosted
    version: "0.8.7+1"
  image_picker_platform_interface:
    dependency: transitive
    description:
      name: image_picker_platform_interface
      sha256: "1991219d9dbc42a99aff77e663af8ca51ced592cd6685c9485e3458302d3d4f8"
      url: "https://pub.dev"
    source: hosted
    version: "2.6.3"
  intl:
    dependency: transitive
    description:
      name: intl
      sha256: a3715e3bc90294e971cb7dc063fbf3cd9ee0ebf8604ffeafabd9e6f16abbdbe6
      url: "https://pub.dev"
    source: hosted
    version: "0.18.0"
  js:
    dependency: transitive
    description:
      name: js
      sha256: f2c445dce49627136094980615a031419f7f3eb393237e4ecd97ac15dea343f3
      url: "https://pub.dev"
    source: hosted
    version: "0.6.7"
  lints:
    dependency: transitive
    description:
      name: lints
      sha256: "5e4a9cd06d447758280a8ac2405101e0e2094d2a1dbdd3756aec3fe7775ba593"
      url: "https://pub.dev"
    source: hosted
    version: "2.0.1"
  matcher:
    dependency: transitive
    description:
      name: matcher
      sha256: "6501fbd55da300384b768785b83e5ce66991266cec21af89ab9ae7f5ce1c4cbb"
      url: "https://pub.dev"
    source: hosted
    version: "0.12.15"
  material_color_utilities:
    dependency: transitive
    description:
      name: material_color_utilities
      sha256: d92141dc6fe1dad30722f9aa826c7fbc896d021d792f80678280601aff8cf724
      url: "https://pub.dev"
    source: hosted
    version: "0.2.0"
  meta:
    dependency: transitive
    description:
      name: meta
      sha256: "3c74dbf8763d36539f114c799d8a2d87343b5067e9d796ca22b5eb8437090ee3"
      url: "https://pub.dev"
    source: hosted
    version: "1.9.1"
  nested:
    dependency: transitive
    description:
      name: nested
      sha256: "03bac4c528c64c95c722ec99280375a6f2fc708eec17c7b3f07253b626cd2a20"
      url: "https://pub.dev"
    source: hosted
    version: "1.0.0"
  octo_image:
    dependency: transitive
    description:
      name: octo_image
      sha256: "107f3ed1330006a3bea63615e81cf637433f5135a52466c7caa0e7152bca9143"
      url: "https://pub.dev"
    source: hosted
    version: "1.0.2"
  path:
    dependency: transitive
    description:
      name: path
      sha256: "8829d8a55c13fc0e37127c29fedf290c102f4e40ae94ada574091fe0ff96c917"
      url: "https://pub.dev"
    source: hosted
    version: "1.8.3"
  path_drawing:
    dependency: transitive
    description:
      name: path_drawing
      sha256: bbb1934c0cbb03091af082a6389ca2080345291ef07a5fa6d6e078ba8682f977
      url: "https://pub.dev"
    source: hosted
    version: "1.0.1"
  path_parsing:
    dependency: transitive
    description:
      name: path_parsing
      sha256: e3e67b1629e6f7e8100b367d3db6ba6af4b1f0bb80f64db18ef1fbabd2fa9ccf
      url: "https://pub.dev"
    source: hosted
    version: "1.0.1"
  path_provider:
    dependency: transitive
    description:
      name: path_provider
      sha256: c7edf82217d4b2952b2129a61d3ad60f1075b9299e629e149a8d2e39c2e6aad4
      url: "https://pub.dev"
    source: hosted
    version: "2.0.14"
  path_provider_android:
    dependency: transitive
    description:
      name: path_provider_android
      sha256: "019f18c9c10ae370b08dce1f3e3b73bc9f58e7f087bb5e921f06529438ac0ae7"
      url: "https://pub.dev"
    source: hosted
    version: "2.0.24"
  path_provider_foundation:
    dependency: transitive
    description:
      name: path_provider_foundation
      sha256: "818b2dc38b0f178e0ea3f7cf3b28146faab11375985d815942a68eee11c2d0f7"
      url: "https://pub.dev"
    source: hosted
    version: "2.2.1"
  path_provider_linux:
    dependency: transitive
    description:
      name: path_provider_linux
      sha256: "2ae08f2216225427e64ad224a24354221c2c7907e448e6e0e8b57b1eb9f10ad1"
      url: "https://pub.dev"
    source: hosted
    version: "2.1.10"
  path_provider_platform_interface:
    dependency: transitive
    description:
      name: path_provider_platform_interface
      sha256: "57585299a729335f1298b43245842678cb9f43a6310351b18fb577d6e33165ec"
      url: "https://pub.dev"
    source: hosted
    version: "2.0.6"
  path_provider_windows:
    dependency: transitive
    description:
      name: path_provider_windows
      sha256: f53720498d5a543f9607db4b0e997c4b5438884de25b0f73098cc2671a51b130
      url: "https://pub.dev"
    source: hosted
    version: "2.1.5"
  pedantic:
    dependency: transitive
    description:
      name: pedantic
      sha256: "67fc27ed9639506c856c840ccce7594d0bdcd91bc8d53d6e52359449a1d50602"
      url: "https://pub.dev"
    source: hosted
    version: "1.11.1"
  petitparser:
    dependency: transitive
    description:
      name: petitparser
      sha256: "49392a45ced973e8d94a85fdb21293fbb40ba805fc49f2965101ae748a3683b4"
      url: "https://pub.dev"
    source: hosted
    version: "5.1.0"
  photo_view:
    dependency: "direct main"
    description:
      name: photo_view
      sha256: "8036802a00bae2a78fc197af8a158e3e2f7b500561ed23b4c458107685e645bb"
      url: "https://pub.dev"
    source: hosted
    version: "0.14.0"
  platform:
    dependency: transitive
    description:
      name: platform
      sha256: "4a451831508d7d6ca779f7ac6e212b4023dd5a7d08a27a63da33756410e32b76"
      url: "https://pub.dev"
    source: hosted
    version: "3.1.0"
  plugin_platform_interface:
    dependency: transitive
    description:
      name: plugin_platform_interface
      sha256: "6a2128648c854906c53fa8e33986fc0247a1116122f9534dd20e3ab9e16a32bc"
      url: "https://pub.dev"
    source: hosted
    version: "2.1.4"
  process:
    dependency: transitive
    description:
      name: process
      sha256: "53fd8db9cec1d37b0574e12f07520d582019cb6c44abf5479a01505099a34a09"
      url: "https://pub.dev"
    source: hosted
    version: "4.2.4"
  provider:
    dependency: "direct main"
    description:
      name: provider
      sha256: cdbe7530b12ecd9eb455bdaa2fcb8d4dad22e80b8afb4798b41479d5ce26847f
      url: "https://pub.dev"
    source: hosted
    version: "6.0.5"
  quiver:
    dependency: transitive
    description:
      name: quiver
      sha256: b1c1ac5ce6688d77f65f3375a9abb9319b3cb32486bdc7a1e0fdf004d7ba4e47
      url: "https://pub.dev"
    source: hosted
    version: "3.2.1"
  rxdart:
    dependency: transitive
    description:
      name: rxdart
      sha256: "0c7c0cedd93788d996e33041ffecda924cc54389199cde4e6a34b440f50044cb"
      url: "https://pub.dev"
    source: hosted
    version: "0.27.7"
  shimmer_animation:
    dependency: "direct main"
    description:
      name: shimmer_animation
      sha256: "1f12d0f3fc20acbf2dcf8438b79f4268c523d55b2f3de55cf49e5bd3acbc5719"
      url: "https://pub.dev"
    source: hosted
    version: "2.1.0+1"
  sign_in_with_apple:
    dependency: transitive
    description:
      name: sign_in_with_apple
      sha256: "54791280a9b4c233c3a85027c936690f77e2406fd0ffd6e1e0ac92338448d6b5"
      url: "https://pub.dev"
    source: hosted
    version: "3.3.0"
  sign_in_with_apple_platform_interface:
    dependency: transitive
    description:
      name: sign_in_with_apple_platform_interface
      sha256: a5883edee09ed6be19de19e7d9f618a617fe41a6fa03f76d082dfb787e9ea18d
      url: "https://pub.dev"
    source: hosted
    version: "1.0.0"
  sign_in_with_apple_web:
    dependency: transitive
    description:
      name: sign_in_with_apple_web
      sha256: "44b66528f576e77847c14999d5e881e17e7223b7b0625a185417829e5306f47a"
      url: "https://pub.dev"
    source: hosted
    version: "1.0.1"
  sky_engine:
    dependency: transitive
    description: flutter
    source: sdk
    version: "0.0.99"
  source_span:
    dependency: transitive
    description:
      name: source_span
      sha256: dd904f795d4b4f3b870833847c461801f6750a9fa8e61ea5ac53f9422b31f250
      url: "https://pub.dev"
    source: hosted
    version: "1.9.1"
  sqflite:
    dependency: transitive
    description:
      name: sqflite
      sha256: "500d6fec583d2c021f2d25a056d96654f910662c64f836cd2063167b8f1fa758"
      url: "https://pub.dev"
    source: hosted
    version: "2.2.6"
  sqflite_common:
    dependency: transitive
    description:
      name: sqflite_common
      sha256: "963dad8c4aa2f814ce7d2d5b1da2f36f31bd1a439d8f27e3dc189bb9d26bc684"
      url: "https://pub.dev"
    source: hosted
    version: "2.4.3"
  stack_trace:
    dependency: transitive
    description:
      name: stack_trace
      sha256: c3c7d8edb15bee7f0f74debd4b9c5f3c2ea86766fe4178eb2a18eb30a0bdaed5
      url: "https://pub.dev"
    source: hosted
    version: "1.11.0"
  stream_channel:
    dependency: transitive
    description:
      name: stream_channel
      sha256: "83615bee9045c1d322bbbd1ba209b7a749c2cbcdcb3fdd1df8eb488b3279c1c8"
      url: "https://pub.dev"
    source: hosted
    version: "2.1.1"
  stream_transform:
    dependency: transitive
    description:
      name: stream_transform
      sha256: "14a00e794c7c11aa145a170587321aedce29769c08d7f58b1d141da75e3b1c6f"
      url: "https://pub.dev"
    source: hosted
    version: "2.1.0"
  string_scanner:
    dependency: transitive
    description:
      name: string_scanner
      sha256: "556692adab6cfa87322a115640c11f13cb77b3f076ddcc5d6ae3c20242bedcde"
      url: "https://pub.dev"
    source: hosted
    version: "1.2.0"
  synchronized:
    dependency: transitive
    description:
      name: synchronized
      sha256: "33b31b6beb98100bf9add464a36a8dd03eb10c7a8cf15aeec535e9b054aaf04b"
      url: "https://pub.dev"
    source: hosted
    version: "3.0.1"
  term_glyph:
    dependency: transitive
    description:
      name: term_glyph
      sha256: a29248a84fbb7c79282b40b8c72a1209db169a2e0542bce341da992fe1bc7e84
      url: "https://pub.dev"
    source: hosted
    version: "1.2.1"
  test_api:
    dependency: transitive
    description:
      name: test_api
      sha256: eb6ac1540b26de412b3403a163d919ba86f6a973fe6cc50ae3541b80092fdcfb
      url: "https://pub.dev"
    source: hosted
    version: "0.5.1"
  twitter_login:
    dependency: transitive
    description:
      name: twitter_login
      sha256: e4a2c65e43041fc5e13632f627571e29ed752c0c6ad39b7756302f678cedfa67
      url: "https://pub.dev"
    source: hosted
    version: "4.3.1"
  typed_data:
    dependency: transitive
    description:
      name: typed_data
      sha256: "26f87ade979c47a150c9eaab93ccd2bebe70a27dc0b4b29517f2904f04eb11a5"
      url: "https://pub.dev"
    source: hosted
    version: "1.3.1"
  url_launcher:
    dependency: "direct main"
    description:
      name: url_launcher
      sha256: eb1e00ab44303d50dd487aab67ebc575456c146c6af44422f9c13889984c00f3
      url: "https://pub.dev"
    source: hosted
    version: "6.1.11"
  url_launcher_android:
    dependency: transitive
    description:
      name: url_launcher_android
      sha256: eed4e6a1164aa9794409325c3b707ff424d4d1c2a785e7db67f8bbda00e36e51
      url: "https://pub.dev"
    source: hosted
    version: "6.0.35"
  url_launcher_ios:
    dependency: transitive
    description:
      name: url_launcher_ios
      sha256: "9af7ea73259886b92199f9e42c116072f05ff9bea2dcb339ab935dfc957392c2"
      url: "https://pub.dev"
    source: hosted
    version: "6.1.4"
  url_launcher_linux:
    dependency: transitive
    description:
      name: url_launcher_linux
      sha256: "207f4ddda99b95b4d4868320a352d374b0b7e05eefad95a4a26f57da413443f5"
      url: "https://pub.dev"
    source: hosted
    version: "3.0.5"
  url_launcher_macos:
    dependency: transitive
    description:
      name: url_launcher_macos
      sha256: "91ee3e75ea9dadf38036200c5d3743518f4a5eb77a8d13fda1ee5764373f185e"
      url: "https://pub.dev"
    source: hosted
    version: "3.0.5"
  url_launcher_platform_interface:
    dependency: transitive
    description:
      name: url_launcher_platform_interface
      sha256: "6c9ca697a5ae218ce56cece69d46128169a58aa8653c1b01d26fcd4aad8c4370"
      url: "https://pub.dev"
    source: hosted
    version: "2.1.2"
  url_launcher_web:
    dependency: transitive
    description:
      name: url_launcher_web
      sha256: "6bb1e5d7fe53daf02a8fee85352432a40b1f868a81880e99ec7440113d5cfcab"
      url: "https://pub.dev"
    source: hosted
    version: "2.0.17"
  url_launcher_windows:
    dependency: transitive
    description:
      name: url_launcher_windows
      sha256: "254708f17f7c20a9c8c471f67d86d76d4a3f9c1591aad1e15292008aceb82771"
      url: "https://pub.dev"
    source: hosted
    version: "3.0.6"
  uuid:
    dependency: "direct main"
    description:
      name: uuid
      sha256: "648e103079f7c64a36dc7d39369cabb358d377078a051d6ae2ad3aa539519313"
      url: "https://pub.dev"
    source: hosted
    version: "3.0.7"
  vector_math:
    dependency: transitive
    description:
      name: vector_math
      sha256: "80b3257d1492ce4d091729e3a67a60407d227c27241d6927be0130c98e741803"
      url: "https://pub.dev"
    source: hosted
    version: "2.1.4"
  win32:
    dependency: transitive
    description:
      name: win32
      sha256: c9ebe7ee4ab0c2194e65d3a07d8c54c5d00bb001b76081c4a04cdb8448b59e46
      url: "https://pub.dev"
    source: hosted
    version: "3.1.3"
  xdg_directories:
    dependency: transitive
    description:
      name: xdg_directories
      sha256: ee1505df1426458f7f60aac270645098d318a8b4766d85fde75f76f2e21807d1
      url: "https://pub.dev"
    source: hosted
    version: "1.0.0"
  xml:
    dependency: transitive
    description:
      name: xml
      sha256: ac0e3f4bf00ba2708c33fbabbbe766300e509f8c82dbd4ab6525039813f7e2fb
      url: "https://pub.dev"
    source: hosted
    version: "6.1.0"
sdks:
  dart: ">=3.0.0-0 <4.0.0"
  flutter: ">=3.3.0"
